        # Generated by pub. See: http://pub.dartlang.org/doc/glossary.html#lockfile
         {"packages":{"mongo_dart":{"version":"0.1.6","source":"hosted","description":"mongo_dart"},"logging":{"version":"0.4.2+1","source":"hosted","description":"logging"},"args":{"version":"0.4.2","source":"hosted","description":"args"},"unittest":{"version":"0.4.2","source":"hosted","description":"unittest"},"meta":{"version":"0.4.2","source":"hosted","description":"meta"}}}
        