# Generated by pub
# See http://pub.dartlang.org/doc/glossary.html#lockfile
packages:
  crypto:
    description: crypto
    source: hosted
    version: "0.8.1"
  logging:
    description: logging
    source: hosted
    version: "0.8.1"
  meta:
    description: meta
    source: hosted
    version: "0.8.1"
  options_file:
    description: options_file
    source: hosted
    version: "0.9.14"
  path:
    description: path
    source: hosted
    version: "0.8.1"
  sqljocky:
    description: sqljocky
    source: hosted
    version: "0.6.0"
  stack_trace:
    description: stack_trace
    source: hosted
    version: "0.8.1"
  unittest:
    description: unittest
    source: hosted
    version: "0.8.1"
